<Solution>
  <Configurations>
    <Platform Name="Any CPU" />
    <Platform Name="ARM64" />
    <Platform Name="x64" />
    <Platform Name="x86" />
  </Configurations>
  <Folder Name="/src/">
    <Project Path="AdobeCameraProfilesUnlocker.Core/AdobeCameraProfilesUnlocker.Core.csproj" Id="2b07c808-78ed-4978-b809-cb4dfea04b0f" />
    <Project Path="AdobeCameraProfilesUnlocker.Playground/AdobeCameraProfilesUnlocker.Playground.csproj" Id="ac96a7a2-e0fe-4a82-998e-498c5d00e06a" />
  </Folder>
</Solution>
